<?xml version="1.0" encoding="UTF-8"?>
<CodeBlocks_project_file>
	<FileVersion major="1" minor="6"/>
	<Project>
		<Option title="EventSender"/>
		<Option makefile_is_custom="1"/>
		<Option compiler="gcc"/>
		<Option virtualFolders="CMake Files\;"/>
		<Build>
			<Target title="all">
				<Option working_dir="/home/mg2015started/modifiedsiena/5-14/EventSender"/>
				<Option type="4"/>
				<MakeCommands>
					<Build command="/usr/bin/make -j8 -f &quot;/home/mg2015started/modifiedsiena/5-14/EventSender/Makefile&quot;  VERBOSE=1 all"/>
					<CompileFile command="/usr/bin/make -j8 -f &quot;/home/mg2015started/modifiedsiena/5-14/EventSender/Makefile&quot;  VERBOSE=1 &quot;$file&quot;"/>
					<Clean command="/usr/bin/make -j8 -f &quot;/home/mg2015started/modifiedsiena/5-14/EventSender/Makefile&quot;  VERBOSE=1 clean"/>
					<DistClean command="/usr/bin/make -j8 -f &quot;/home/mg2015started/modifiedsiena/5-14/EventSender/Makefile&quot;  VERBOSE=1 clean"/>
				</MakeCommands>
			</Target>
			<Target title="rebuild_cache">
				<Option working_dir="/home/mg2015started/modifiedsiena/5-14/EventSender"/>
				<Option type="4"/>
				<MakeCommands>
					<Build command="/usr/bin/make -j8 -f &quot;/home/mg2015started/modifiedsiena/5-14/EventSender/Makefile&quot;  VERBOSE=1 rebuild_cache"/>
					<CompileFile command="/usr/bin/make -j8 -f &quot;/home/mg2015started/modifiedsiena/5-14/EventSender/Makefile&quot;  VERBOSE=1 &quot;$file&quot;"/>
					<Clean command="/usr/bin/make -j8 -f &quot;/home/mg2015started/modifiedsiena/5-14/EventSender/Makefile&quot;  VERBOSE=1 clean"/>
					<DistClean command="/usr/bin/make -j8 -f &quot;/home/mg2015started/modifiedsiena/5-14/EventSender/Makefile&quot;  VERBOSE=1 clean"/>
				</MakeCommands>
			</Target>
			<Target title="edit_cache">
				<Option working_dir="/home/mg2015started/modifiedsiena/5-14/EventSender"/>
				<Option type="4"/>
				<MakeCommands>
					<Build command="/usr/bin/make -j8 -f &quot;/home/mg2015started/modifiedsiena/5-14/EventSender/Makefile&quot;  VERBOSE=1 edit_cache"/>
					<CompileFile command="/usr/bin/make -j8 -f &quot;/home/mg2015started/modifiedsiena/5-14/EventSender/Makefile&quot;  VERBOSE=1 &quot;$file&quot;"/>
					<Clean command="/usr/bin/make -j8 -f &quot;/home/mg2015started/modifiedsiena/5-14/EventSender/Makefile&quot;  VERBOSE=1 clean"/>
					<DistClean command="/usr/bin/make -j8 -f &quot;/home/mg2015started/modifiedsiena/5-14/EventSender/Makefile&quot;  VERBOSE=1 clean"/>
				</MakeCommands>
			</Target>
			<Target title="EventSender">
				<Option output="/home/mg2015started/modifiedsiena/5-14/EventSender/EventSender" prefix_auto="0" extension_auto="0"/>
				<Option working_dir="/home/mg2015started/modifiedsiena/5-14/EventSender"/>
				<Option object_output="./"/>
				<Option type="1"/>
				<Option compiler="gcc"/>
				<Compiler>
					<Add directory="/usr/include/c++/5"/>
					<Add directory="/usr/include/x86_64-linux-gnu/c++/5"/>
					<Add directory="/usr/include/c++/5/backward"/>
					<Add directory="/usr/lib/gcc/x86_64-linux-gnu/5/include"/>
					<Add directory="/usr/local/include"/>
					<Add directory="/usr/lib/gcc/x86_64-linux-gnu/5/include-fixed"/>
					<Add directory="/usr/include/x86_64-linux-gnu"/>
					<Add directory="/usr/include"/>
				</Compiler>
				<MakeCommands>
					<Build command="/usr/bin/make -j8 -f &quot;/home/mg2015started/modifiedsiena/5-14/EventSender/Makefile&quot;  VERBOSE=1 EventSender"/>
					<CompileFile command="/usr/bin/make -j8 -f &quot;/home/mg2015started/modifiedsiena/5-14/EventSender/Makefile&quot;  VERBOSE=1 &quot;$file&quot;"/>
					<Clean command="/usr/bin/make -j8 -f &quot;/home/mg2015started/modifiedsiena/5-14/EventSender/Makefile&quot;  VERBOSE=1 clean"/>
					<DistClean command="/usr/bin/make -j8 -f &quot;/home/mg2015started/modifiedsiena/5-14/EventSender/Makefile&quot;  VERBOSE=1 clean"/>
				</MakeCommands>
			</Target>
			<Target title="EventSender/fast">
				<Option output="/home/mg2015started/modifiedsiena/5-14/EventSender/EventSender" prefix_auto="0" extension_auto="0"/>
				<Option working_dir="/home/mg2015started/modifiedsiena/5-14/EventSender"/>
				<Option object_output="./"/>
				<Option type="1"/>
				<Option compiler="gcc"/>
				<Compiler>
					<Add directory="/usr/include/c++/5"/>
					<Add directory="/usr/include/x86_64-linux-gnu/c++/5"/>
					<Add directory="/usr/include/c++/5/backward"/>
					<Add directory="/usr/lib/gcc/x86_64-linux-gnu/5/include"/>
					<Add directory="/usr/local/include"/>
					<Add directory="/usr/lib/gcc/x86_64-linux-gnu/5/include-fixed"/>
					<Add directory="/usr/include/x86_64-linux-gnu"/>
					<Add directory="/usr/include"/>
				</Compiler>
				<MakeCommands>
					<Build command="/usr/bin/make -j8 -f &quot;/home/mg2015started/modifiedsiena/5-14/EventSender/Makefile&quot;  VERBOSE=1 EventSender/fast"/>
					<CompileFile command="/usr/bin/make -j8 -f &quot;/home/mg2015started/modifiedsiena/5-14/EventSender/Makefile&quot;  VERBOSE=1 &quot;$file&quot;"/>
					<Clean command="/usr/bin/make -j8 -f &quot;/home/mg2015started/modifiedsiena/5-14/EventSender/Makefile&quot;  VERBOSE=1 clean"/>
					<DistClean command="/usr/bin/make -j8 -f &quot;/home/mg2015started/modifiedsiena/5-14/EventSender/Makefile&quot;  VERBOSE=1 clean"/>
				</MakeCommands>
			</Target>
		</Build>
		<Unit filename="/home/mg2015started/modifiedsiena/5-14/EventSender/Comm.cc">
			<Option target="EventSender"/>
		</Unit>
		<Unit filename="/home/mg2015started/modifiedsiena/5-14/EventSender/EventSender.cpp">
			<Option target="EventSender"/>
		</Unit>
		<Unit filename="/home/mg2015started/modifiedsiena/5-14/EventSender/PThreads.cc">
			<Option target="EventSender"/>
		</Unit>
		<Unit filename="/home/mg2015started/modifiedsiena/5-14/EventSender/SENP.cc">
			<Option target="EventSender"/>
		</Unit>
		<Unit filename="/home/mg2015started/modifiedsiena/5-14/EventSender/Siena.cc">
			<Option target="EventSender"/>
		</Unit>
		<Unit filename="/home/mg2015started/modifiedsiena/5-14/EventSender/SienaIO.cc">
			<Option target="EventSender"/>
		</Unit>
		<Unit filename="/home/mg2015started/modifiedsiena/5-14/EventSender/SimpleSiena.cc">
			<Option target="EventSender"/>
		</Unit>
		<Unit filename="/home/mg2015started/modifiedsiena/5-14/EventSender/generator.cc">
			<Option target="EventSender"/>
		</Unit>
		<Unit filename="/home/mg2015started/modifiedsiena/5-14/EventSender/include/Comm.h">
			<Option target="EventSender"/>
		</Unit>
		<Unit filename="/home/mg2015started/modifiedsiena/5-14/EventSender/include/Comm.icc">
			<Option target="EventSender"/>
		</Unit>
		<Unit filename="/home/mg2015started/modifiedsiena/5-14/EventSender/include/IO.h">
			<Option target="EventSender"/>
		</Unit>
		<Unit filename="/home/mg2015started/modifiedsiena/5-14/EventSender/include/IO.icc">
			<Option target="EventSender"/>
		</Unit>
		<Unit filename="/home/mg2015started/modifiedsiena/5-14/EventSender/include/PThreads.h">
			<Option target="EventSender"/>
		</Unit>
		<Unit filename="/home/mg2015started/modifiedsiena/5-14/EventSender/include/PThreads.icc">
			<Option target="EventSender"/>
		</Unit>
		<Unit filename="/home/mg2015started/modifiedsiena/5-14/EventSender/include/SENP.h">
			<Option target="EventSender"/>
		</Unit>
		<Unit filename="/home/mg2015started/modifiedsiena/5-14/EventSender/include/SENP.icc">
			<Option target="EventSender"/>
		</Unit>
		<Unit filename="/home/mg2015started/modifiedsiena/5-14/EventSender/include/Siena.h">
			<Option target="EventSender"/>
		</Unit>
		<Unit filename="/home/mg2015started/modifiedsiena/5-14/EventSender/include/Siena.icc">
			<Option target="EventSender"/>
		</Unit>
		<Unit filename="/home/mg2015started/modifiedsiena/5-14/EventSender/include/SienaIO.h">
			<Option target="EventSender"/>
		</Unit>
		<Unit filename="/home/mg2015started/modifiedsiena/5-14/EventSender/include/SimpleSiena.h">
			<Option target="EventSender"/>
		</Unit>
		<Unit filename="/home/mg2015started/modifiedsiena/5-14/EventSender/include/chrono_time.h">
			<Option target="EventSender"/>
		</Unit>
		<Unit filename="/home/mg2015started/modifiedsiena/5-14/EventSender/include/data_structure.h">
			<Option target="EventSender"/>
		</Unit>
		<Unit filename="/home/mg2015started/modifiedsiena/5-14/EventSender/include/generator.h">
			<Option target="EventSender"/>
		</Unit>
		<Unit filename="/home/mg2015started/modifiedsiena/5-14/EventSender/include/printer.h">
			<Option target="EventSender"/>
		</Unit>
		<Unit filename="/home/mg2015started/modifiedsiena/5-14/EventSender/include/set_util.h">
			<Option target="EventSender"/>
		</Unit>
		<Unit filename="/home/mg2015started/modifiedsiena/5-14/EventSender/include/siena.h">
			<Option target="EventSender"/>
		</Unit>
		<Unit filename="/home/mg2015started/modifiedsiena/5-14/EventSender/include/sienaconf.h">
			<Option target="EventSender"/>
		</Unit>
		<Unit filename="/home/mg2015started/modifiedsiena/5-14/EventSender/include/util.h">
			<Option target="EventSender"/>
		</Unit>
		<Unit filename="/home/mg2015started/modifiedsiena/5-14/EventSender/printer.cc">
			<Option target="EventSender"/>
		</Unit>
		<Unit filename="/home/mg2015started/modifiedsiena/5-14/EventSender/set_util.h">
			<Option target="EventSender"/>
		</Unit>
		<Unit filename="/home/mg2015started/modifiedsiena/5-14/EventSender/sienaserverconf.h">
			<Option target="EventSender"/>
		</Unit>
		<Unit filename="/home/mg2015started/modifiedsiena/5-14/EventSender/util.cc">
			<Option target="EventSender"/>
		</Unit>
		<Unit filename="/home/mg2015started/modifiedsiena/5-14/EventSender/CMakeLists.txt">
			<Option virtualFolder="CMake Files\"/>
		</Unit>
	</Project>
</CodeBlocks_project_file>
